// !$*UTF8*$!
{
	archiveVersion = 1;
	classes = {
	};
	objectVersion = 56;
	objects = {

/* Begin PBXBuildFile section */
		4A0535F616EEB122B49D5DAD /* Pods_LittlePink.framework in Frameworks */ = {isa = PBXBuildFile; fileRef = 1B9F9F3473F944D6C5F10807 /* Pods_LittlePink.framework */; };
		9A44DEA12A2EE1CE00285F58 /* NoteEditVC.swift in Sources */ = {isa = PBXBuildFile; fileRef = 9A44DEA02A2EE1CE00285F58 /* NoteEditVC.swift */; };
		9A4C08B72A0655220019DE8D /* WaterFallVC.swift in Sources */ = {isa = PBXBuildFile; fileRef = 9A4C08B62A0655210019DE8D /* WaterFallVC.swift */; };
		9AB2A6A62A0A3D2700983141 /* README.md in Resources */ = {isa = PBXBuildFile; fileRef = 9AB2A6A52A0A3D2700983141 /* README.md */; };
		9AB2A6AA2A0A4F1E00983141 /* TabBarC.swift in Sources */ = {isa = PBXBuildFile; fileRef = 9AB2A6A92A0A4F1E00983141 /* TabBarC.swift */; };
		9AB2A6AC2A0A50CD00983141 /* PostVC.swift in Sources */ = {isa = PBXBuildFile; fileRef = 9AB2A6AB2A0A50CD00983141 /* PostVC.swift */; };
		9AC384E02A0B6E34000691FD /* Localizable.strings in Resources */ = {isa = PBXBuildFile; fileRef = 9AC384DF2A0B6E34000691FD /* Localizable.strings */; };
		9AC82F7A2A31CAB700994874 /* PhotoFooter.swift in Sources */ = {isa = PBXBuildFile; fileRef = 9AC82F792A31CAB700994874 /* PhotoFooter.swift */; };
		9ACEF46F2A089A39007F2D5F /* WaterFallCell.swift in Sources */ = {isa = PBXBuildFile; fileRef = 9ACEF46E2A089A39007F2D5F /* WaterFallCell.swift */; };
		9AD113472A05F2B4006AF033 /* HomeVC.swift in Sources */ = {isa = PBXBuildFile; fileRef = 9AD113462A05F2B4006AF033 /* HomeVC.swift */; };
		9AD113492A05F8E3006AF033 /* DiscoverVC.swift in Sources */ = {isa = PBXBuildFile; fileRef = 9AD113482A05F8E3006AF033 /* DiscoverVC.swift */; };
		9AD1134B2A05F8FA006AF033 /* FellowVC.swift in Sources */ = {isa = PBXBuildFile; fileRef = 9AD1134A2A05F8FA006AF033 /* FellowVC.swift */; };
		9AD1134D2A05F91A006AF033 /* NearbyVC.swift in Sources */ = {isa = PBXBuildFile; fileRef = 9AD1134C2A05F91A006AF033 /* NearbyVC.swift */; };
		9AD1134F2A05FACB006AF033 /* Constants.swift in Sources */ = {isa = PBXBuildFile; fileRef = 9AD1134E2A05FACB006AF033 /* Constants.swift */; };
		9AD61DA729FA73BF00CFF0DD /* AppDelegate.swift in Sources */ = {isa = PBXBuildFile; fileRef = 9AD61DA629FA73BF00CFF0DD /* AppDelegate.swift */; };
		9AD61DA929FA73BF00CFF0DD /* SceneDelegate.swift in Sources */ = {isa = PBXBuildFile; fileRef = 9AD61DA829FA73BF00CFF0DD /* SceneDelegate.swift */; };
		9AD61DAE29FA73BF00CFF0DD /* Main.storyboard in Resources */ = {isa = PBXBuildFile; fileRef = 9AD61DAC29FA73BF00CFF0DD /* Main.storyboard */; };
		9AD61DB129FA73BF00CFF0DD /* LittlePink.xcdatamodeld in Sources */ = {isa = PBXBuildFile; fileRef = 9AD61DAF29FA73BF00CFF0DD /* LittlePink.xcdatamodeld */; };
		9AD61DB329FA73C300CFF0DD /* Assets.xcassets in Resources */ = {isa = PBXBuildFile; fileRef = 9AD61DB229FA73C300CFF0DD /* Assets.xcassets */; };
		9AD61DB629FA73C300CFF0DD /* LaunchScreen.storyboard in Resources */ = {isa = PBXBuildFile; fileRef = 9AD61DB429FA73C300CFF0DD /* LaunchScreen.storyboard */; };
		9AFE993D2A2F1356009D1863 /* PhotoCell.swift in Sources */ = {isa = PBXBuildFile; fileRef = 9AFE993C2A2F1356009D1863 /* PhotoCell.swift */; };
		9AFE993F2A2F2471009D1863 /* Extension.swift in Sources */ = {isa = PBXBuildFile; fileRef = 9AFE993E2A2F2471009D1863 /* Extension.swift */; };
/* End PBXBuildFile section */

/* Begin PBXFileReference section */
		1B9F9F3473F944D6C5F10807 /* Pods_LittlePink.framework */ = {isa = PBXFileReference; explicitFileType = wrapper.framework; includeInIndex = 0; path = Pods_LittlePink.framework; sourceTree = BUILT_PRODUCTS_DIR; };
		9533CAC1A1E805372C2A6492 /* Pods-LittlePink.debug.xcconfig */ = {isa = PBXFileReference; includeInIndex = 1; lastKnownFileType = text.xcconfig; name = "Pods-LittlePink.debug.xcconfig"; path = "Target Support Files/Pods-LittlePink/Pods-LittlePink.debug.xcconfig"; sourceTree = "<group>"; };
		9A44DEA02A2EE1CE00285F58 /* NoteEditVC.swift */ = {isa = PBXFileReference; lastKnownFileType = sourcecode.swift; path = NoteEditVC.swift; sourceTree = "<group>"; };
		9A4C08B62A0655210019DE8D /* WaterFallVC.swift */ = {isa = PBXFileReference; lastKnownFileType = sourcecode.swift; path = WaterFallVC.swift; sourceTree = "<group>"; };
		9AB2A6A52A0A3D2700983141 /* README.md */ = {isa = PBXFileReference; lastKnownFileType = net.daringfireball.markdown; path = README.md; sourceTree = "<group>"; };
		9AB2A6A72A0A41A300983141 /* zh-Hans */ = {isa = PBXFileReference; lastKnownFileType = text.plist.strings; name = "zh-Hans"; path = "zh-Hans.lproj/Main.strings"; sourceTree = "<group>"; };
		9AB2A6A82A0A41A300983141 /* zh-Hans */ = {isa = PBXFileReference; lastKnownFileType = text.plist.strings; name = "zh-Hans"; path = "zh-Hans.lproj/LaunchScreen.strings"; sourceTree = "<group>"; };
		9AB2A6A92A0A4F1E00983141 /* TabBarC.swift */ = {isa = PBXFileReference; lastKnownFileType = sourcecode.swift; path = TabBarC.swift; sourceTree = "<group>"; };
		9AB2A6AB2A0A50CD00983141 /* PostVC.swift */ = {isa = PBXFileReference; lastKnownFileType = sourcecode.swift; path = PostVC.swift; sourceTree = "<group>"; };
		9AC384DF2A0B6E34000691FD /* Localizable.strings */ = {isa = PBXFileReference; lastKnownFileType = text.plist.strings; path = Localizable.strings; sourceTree = "<group>"; };
		9AC82F792A31CAB700994874 /* PhotoFooter.swift */ = {isa = PBXFileReference; lastKnownFileType = sourcecode.swift; path = PhotoFooter.swift; sourceTree = "<group>"; };
		9AC8E8B62A0DE0A500A2D672 /* 闭包.playground */ = {isa = PBXFileReference; lastKnownFileType = file.playground; path = "闭包.playground"; sourceTree = "<group>"; xcLanguageSpecificationIdentifier = xcode.lang.swift; };
		9ACEF46E2A089A39007F2D5F /* WaterFallCell.swift */ = {isa = PBXFileReference; lastKnownFileType = sourcecode.swift; path = WaterFallCell.swift; sourceTree = "<group>"; };
		9AD113462A05F2B4006AF033 /* HomeVC.swift */ = {isa = PBXFileReference; lastKnownFileType = sourcecode.swift; path = HomeVC.swift; sourceTree = "<group>"; };
		9AD113482A05F8E3006AF033 /* DiscoverVC.swift */ = {isa = PBXFileReference; lastKnownFileType = sourcecode.swift; path = DiscoverVC.swift; sourceTree = "<group>"; };
		9AD1134A2A05F8FA006AF033 /* FellowVC.swift */ = {isa = PBXFileReference; lastKnownFileType = sourcecode.swift; path = FellowVC.swift; sourceTree = "<group>"; };
		9AD1134C2A05F91A006AF033 /* NearbyVC.swift */ = {isa = PBXFileReference; lastKnownFileType = sourcecode.swift; path = NearbyVC.swift; sourceTree = "<group>"; };
		9AD1134E2A05FACB006AF033 /* Constants.swift */ = {isa = PBXFileReference; lastKnownFileType = sourcecode.swift; path = Constants.swift; sourceTree = "<group>"; };
		9AD61DA329FA73BF00CFF0DD /* LittlePink.app */ = {isa = PBXFileReference; explicitFileType = wrapper.application; includeInIndex = 0; path = LittlePink.app; sourceTree = BUILT_PRODUCTS_DIR; };
		9AD61DA629FA73BF00CFF0DD /* AppDelegate.swift */ = {isa = PBXFileReference; lastKnownFileType = sourcecode.swift; path = AppDelegate.swift; sourceTree = "<group>"; };
		9AD61DA829FA73BF00CFF0DD /* SceneDelegate.swift */ = {isa = PBXFileReference; lastKnownFileType = sourcecode.swift; path = SceneDelegate.swift; sourceTree = "<group>"; };
		9AD61DAD29FA73BF00CFF0DD /* Base */ = {isa = PBXFileReference; lastKnownFileType = file.storyboard; name = Base; path = Base.lproj/Main.storyboard; sourceTree = "<group>"; };
		9AD61DB029FA73BF00CFF0DD /* LittlePink.xcdatamodel */ = {isa = PBXFileReference; lastKnownFileType = wrapper.xcdatamodel; path = LittlePink.xcdatamodel; sourceTree = "<group>"; };
		9AD61DB229FA73C300CFF0DD /* Assets.xcassets */ = {isa = PBXFileReference; lastKnownFileType = folder.assetcatalog; path = Assets.xcassets; sourceTree = "<group>"; };
		9AD61DB529FA73C300CFF0DD /* Base */ = {isa = PBXFileReference; lastKnownFileType = file.storyboard; name = Base; path = Base.lproj/LaunchScreen.storyboard; sourceTree = "<group>"; };
		9AD61DB729FA73C300CFF0DD /* Info.plist */ = {isa = PBXFileReference; lastKnownFileType = text.plist.xml; path = Info.plist; sourceTree = "<group>"; };
		9AFE993C2A2F1356009D1863 /* PhotoCell.swift */ = {isa = PBXFileReference; lastKnownFileType = sourcecode.swift; path = PhotoCell.swift; sourceTree = "<group>"; };
		9AFE993E2A2F2471009D1863 /* Extension.swift */ = {isa = PBXFileReference; lastKnownFileType = sourcecode.swift; path = Extension.swift; sourceTree = "<group>"; };
		9AFE99402A2F2633009D1863 /* 用代码实现collectionView.playground */ = {isa = PBXFileReference; lastKnownFileType = file.playground; path = "用代码实现collectionView.playground"; sourceTree = "<group>"; xcLanguageSpecificationIdentifier = xcode.lang.swift; };
		9C91AA2C8BBF16590C6772BA /* Pods-LittlePink.release.xcconfig */ = {isa = PBXFileReference; includeInIndex = 1; lastKnownFileType = text.xcconfig; name = "Pods-LittlePink.release.xcconfig"; path = "Target Support Files/Pods-LittlePink/Pods-LittlePink.release.xcconfig"; sourceTree = "<group>"; };
/* End PBXFileReference section */

/* Begin PBXFrameworksBuildPhase section */
		9AD61DA029FA73BF00CFF0DD /* Frameworks */ = {
			isa = PBXFrameworksBuildPhase;
			buildActionMask = 2147483647;
			files = (
				4A0535F616EEB122B49D5DAD /* Pods_LittlePink.framework in Frameworks */,
			);
			runOnlyForDeploymentPostprocessing = 0;
		};
/* End PBXFrameworksBuildPhase section */

/* Begin PBXGroup section */
		86C08FE2B3A69FAC845ADC15 /* Frameworks */ = {
			isa = PBXGroup;
			children = (
				1B9F9F3473F944D6C5F10807 /* Pods_LittlePink.framework */,
			);
			name = Frameworks;
			sourceTree = "<group>";
		};
		9A74C8802B84580D003A8DA8 /* NoteEdit */ = {
			isa = PBXGroup;
			children = (
				9A44DEA02A2EE1CE00285F58 /* NoteEditVC.swift */,
				9AFE993C2A2F1356009D1863 /* PhotoCell.swift */,
				9AC82F792A31CAB700994874 /* PhotoFooter.swift */,
			);
			path = NoteEdit;
			sourceTree = "<group>";
		};
		9AB2A6A32A0A3C3F00983141 /* WaterFall */ = {
			isa = PBXGroup;
			children = (
				9ACEF46E2A089A39007F2D5F /* WaterFallCell.swift */,
				9A4C08B62A0655210019DE8D /* WaterFallVC.swift */,
			);
			path = WaterFall;
			sourceTree = "<group>";
		};
		9AB2A6A42A0A3C5800983141 /* Common */ = {
			isa = PBXGroup;
			children = (
				9AD1134E2A05FACB006AF033 /* Constants.swift */,
				9AFE993E2A2F2471009D1863 /* Extension.swift */,
			);
			path = Common;
			sourceTree = "<group>";
		};
		9AC8E8B52A0DDCCD00A2D672 /* Demos + PH */ = {
			isa = PBXGroup;
			children = (
				9AB2A6AB2A0A50CD00983141 /* PostVC.swift */,
				9AFE99402A2F2633009D1863 /* 用代码实现collectionView.playground */,
				9AC8E8B62A0DE0A500A2D672 /* 闭包.playground */,
			);
			path = "Demos + PH";
			sourceTree = "<group>";
		};
		9AD113502A05FCBF006AF033 /* Home */ = {
			isa = PBXGroup;
			children = (
				9AD113462A05F2B4006AF033 /* HomeVC.swift */,
				9AD113482A05F8E3006AF033 /* DiscoverVC.swift */,
				9AD1134A2A05F8FA006AF033 /* FellowVC.swift */,
				9AD1134C2A05F91A006AF033 /* NearbyVC.swift */,
			);
			path = Home;
			sourceTree = "<group>";
		};
		9AD61D9A29FA73BF00CFF0DD = {
			isa = PBXGroup;
			children = (
				9AB2A6A52A0A3D2700983141 /* README.md */,
				9AD61DA529FA73BF00CFF0DD /* LittlePink */,
				9AD61DA429FA73BF00CFF0DD /* Products */,
				C882D7F7ACD44A9652074717 /* Pods */,
				86C08FE2B3A69FAC845ADC15 /* Frameworks */,
			);
			sourceTree = "<group>";
		};
		9AD61DA429FA73BF00CFF0DD /* Products */ = {
			isa = PBXGroup;
			children = (
				9AD61DA329FA73BF00CFF0DD /* LittlePink.app */,
			);
			name = Products;
			sourceTree = "<group>";
		};
		9AD61DA529FA73BF00CFF0DD /* LittlePink */ = {
			isa = PBXGroup;
			children = (
				9AD61DA629FA73BF00CFF0DD /* AppDelegate.swift */,
				9AD61DA829FA73BF00CFF0DD /* SceneDelegate.swift */,
				9AC384DF2A0B6E34000691FD /* Localizable.strings */,
				9AB2A6A92A0A4F1E00983141 /* TabBarC.swift */,
				9A74C8802B84580D003A8DA8 /* NoteEdit */,
				9AD61DAC29FA73BF00CFF0DD /* Main.storyboard */,
				9AD113502A05FCBF006AF033 /* Home */,
				9AB2A6A32A0A3C3F00983141 /* WaterFall */,
				9AB2A6A42A0A3C5800983141 /* Common */,
				9AC8E8B52A0DDCCD00A2D672 /* Demos + PH */,
				9AD61DB229FA73C300CFF0DD /* Assets.xcassets */,
				9AD61DB429FA73C300CFF0DD /* LaunchScreen.storyboard */,
				9AD61DB729FA73C300CFF0DD /* Info.plist */,
				9AD61DAF29FA73BF00CFF0DD /* LittlePink.xcdatamodeld */,
			);
			path = LittlePink;
			sourceTree = "<group>";
		};
		C882D7F7ACD44A9652074717 /* Pods */ = {
			isa = PBXGroup;
			children = (
				9533CAC1A1E805372C2A6492 /* Pods-LittlePink.debug.xcconfig */,
				9C91AA2C8BBF16590C6772BA /* Pods-LittlePink.release.xcconfig */,
			);
			path = Pods;
			sourceTree = "<group>";
		};
/* End PBXGroup section */

/* Begin PBXNativeTarget section */
		9AD61DA229FA73BF00CFF0DD /* LittlePink */ = {
			isa = PBXNativeTarget;
			buildConfigurationList = 9AD61DBA29FA73C300CFF0DD /* Build configuration list for PBXNativeTarget "LittlePink" */;
			buildPhases = (
				D4BC1BB41D8F1354F5A403F0 /* [CP] Check Pods Manifest.lock */,
				9AD61D9F29FA73BF00CFF0DD /* Sources */,
				9AD61DA029FA73BF00CFF0DD /* Frameworks */,
				9AD61DA129FA73BF00CFF0DD /* Resources */,
				CADDE347012039B427FBEEB5 /* [CP] Embed Pods Frameworks */,
			);
			buildRules = (
			);
			dependencies = (
			);
			name = LittlePink;
			productName = LittlePink;
			productReference = 9AD61DA329FA73BF00CFF0DD /* LittlePink.app */;
			productType = "com.apple.product-type.application";
		};
/* End PBXNativeTarget section */

/* Begin PBXProject section */
		9AD61D9B29FA73BF00CFF0DD /* Project object */ = {
			isa = PBXProject;
			attributes = {
				BuildIndependentTargetsInParallel = 1;
				LastSwiftUpdateCheck = 1420;
				LastUpgradeCheck = 1420;
				TargetAttributes = {
					9AD61DA229FA73BF00CFF0DD = {
						CreatedOnToolsVersion = 14.2;
					};
				};
			};
			buildConfigurationList = 9AD61D9E29FA73BF00CFF0DD /* Build configuration list for PBXProject "LittlePink" */;
			compatibilityVersion = "Xcode 14.0";
			developmentRegion = en;
			hasScannedForEncodings = 0;
			knownRegions = (
				en,
				Base,
				"zh-Hans",
			);
			mainGroup = 9AD61D9A29FA73BF00CFF0DD;
			productRefGroup = 9AD61DA429FA73BF00CFF0DD /* Products */;
			projectDirPath = "";
			projectRoot = "";
			targets = (
				9AD61DA229FA73BF00CFF0DD /* LittlePink */,
			);
		};
/* End PBXProject section */

/* Begin PBXResourcesBuildPhase section */
		9AD61DA129FA73BF00CFF0DD /* Resources */ = {
			isa = PBXResourcesBuildPhase;
			buildActionMask = 2147483647;
			files = (
				9AC384E02A0B6E34000691FD /* Localizable.strings in Resources */,
				9AD61DB629FA73C300CFF0DD /* LaunchScreen.storyboard in Resources */,
				9AD61DB329FA73C300CFF0DD /* Assets.xcassets in Resources */,
				9AB2A6A62A0A3D2700983141 /* README.md in Resources */,
				9AD61DAE29FA73BF00CFF0DD /* Main.storyboard in Resources */,
			);
			runOnlyForDeploymentPostprocessing = 0;
		};
/* End PBXResourcesBuildPhase section */

/* Begin PBXShellScriptBuildPhase section */
		CADDE347012039B427FBEEB5 /* [CP] Embed Pods Frameworks */ = {
			isa = PBXShellScriptBuildPhase;
			buildActionMask = 2147483647;
			files = (
			);
			inputFileListPaths = (
				"${PODS_ROOT}/Target Support Files/Pods-LittlePink/Pods-LittlePink-frameworks-${CONFIGURATION}-input-files.xcfilelist",
			);
			name = "[CP] Embed Pods Frameworks";
			outputFileListPaths = (
				"${PODS_ROOT}/Target Support Files/Pods-LittlePink/Pods-LittlePink-frameworks-${CONFIGURATION}-output-files.xcfilelist",
			);
			runOnlyForDeploymentPostprocessing = 0;
			shellPath = /bin/sh;
			shellScript = "\"${PODS_ROOT}/Target Support Files/Pods-LittlePink/Pods-LittlePink-frameworks.sh\"\n";
			showEnvVarsInLog = 0;
		};
		D4BC1BB41D8F1354F5A403F0 /* [CP] Check Pods Manifest.lock */ = {
			isa = PBXShellScriptBuildPhase;
			buildActionMask = 2147483647;
			files = (
			);
			inputFileListPaths = (
			);
			inputPaths = (
				"${PODS_PODFILE_DIR_PATH}/Podfile.lock",
				"${PODS_ROOT}/Manifest.lock",
			);
			name = "[CP] Check Pods Manifest.lock";
			outputFileListPaths = (
			);
			outputPaths = (
				"$(DERIVED_FILE_DIR)/Pods-LittlePink-checkManifestLockResult.txt",
			);
			runOnlyForDeploymentPostprocessing = 0;
			shellPath = /bin/sh;
			shellScript = "diff \"${PODS_PODFILE_DIR_PATH}/Podfile.lock\" \"${PODS_ROOT}/Manifest.lock\" > /dev/null\nif [ $? != 0 ] ; then\n    # print error to STDERR\n    echo \"error: The sandbox is not in sync with the Podfile.lock. Run 'pod install' or update your CocoaPods installation.\" >&2\n    exit 1\nfi\n# This output is used by Xcode 'outputs' to avoid re-running this script phase.\necho \"SUCCESS\" > \"${SCRIPT_OUTPUT_FILE_0}\"\n";
			showEnvVarsInLog = 0;
		};
/* End PBXShellScriptBuildPhase section */

/* Begin PBXSourcesBuildPhase section */
		9AD61D9F29FA73BF00CFF0DD /* Sources */ = {
			isa = PBXSourcesBuildPhase;
			buildActionMask = 2147483647;
			files = (
				9AFE993F2A2F2471009D1863 /* Extension.swift in Sources */,
				9AFE993D2A2F1356009D1863 /* PhotoCell.swift in Sources */,
				9AD61DA729FA73BF00CFF0DD /* AppDelegate.swift in Sources */,
				9AB2A6AA2A0A4F1E00983141 /* TabBarC.swift in Sources */,
				9AD113492A05F8E3006AF033 /* DiscoverVC.swift in Sources */,
				9AC82F7A2A31CAB700994874 /* PhotoFooter.swift in Sources */,
				9AD61DA929FA73BF00CFF0DD /* SceneDelegate.swift in Sources */,
				9AD113472A05F2B4006AF033 /* HomeVC.swift in Sources */,
				9ACEF46F2A089A39007F2D5F /* WaterFallCell.swift in Sources */,
				9A44DEA12A2EE1CE00285F58 /* NoteEditVC.swift in Sources */,
				9AB2A6AC2A0A50CD00983141 /* PostVC.swift in Sources */,
				9AD61DB129FA73BF00CFF0DD /* LittlePink.xcdatamodeld in Sources */,
				9A4C08B72A0655220019DE8D /* WaterFallVC.swift in Sources */,
				9AD1134F2A05FACB006AF033 /* Constants.swift in Sources */,
				9AD1134B2A05F8FA006AF033 /* FellowVC.swift in Sources */,
				9AD1134D2A05F91A006AF033 /* NearbyVC.swift in Sources */,
			);
			runOnlyForDeploymentPostprocessing = 0;
		};
/* End PBXSourcesBuildPhase section */

/* Begin PBXVariantGroup section */
		9AD61DAC29FA73BF00CFF0DD /* Main.storyboard */ = {
			isa = PBXVariantGroup;
			children = (
				9AD61DAD29FA73BF00CFF0DD /* Base */,
				9AB2A6A72A0A41A300983141 /* zh-Hans */,
			);
			name = Main.storyboard;
			sourceTree = "<group>";
		};
		9AD61DB429FA73C300CFF0DD /* LaunchScreen.storyboard */ = {
			isa = PBXVariantGroup;
			children = (
				9AD61DB529FA73C300CFF0DD /* Base */,
				9AB2A6A82A0A41A300983141 /* zh-Hans */,
			);
			name = LaunchScreen.storyboard;
			sourceTree = "<group>";
		};
/* End PBXVariantGroup section */

/* Begin XCBuildConfiguration section */
		9AD61DB829FA73C300CFF0DD /* Debug */ = {
			isa = XCBuildConfiguration;
			buildSettings = {
				ALWAYS_SEARCH_USER_PATHS = NO;
				CLANG_ANALYZER_LOCALIZABILITY_NONLOCALIZED = YES;
				CLANG_ANALYZER_NONNULL = YES;
				CLANG_ANALYZER_NUMBER_OBJECT_CONVERSION = YES_AGGRESSIVE;
				CLANG_CXX_LANGUAGE_STANDARD = "gnu++20";
				CLANG_ENABLE_MODULES = YES;
				CLANG_ENABLE_OBJC_ARC = YES;
				CLANG_ENABLE_OBJC_WEAK = YES;
				CLANG_WARN_BLOCK_CAPTURE_AUTORELEASING = YES;
				CLANG_WARN_BOOL_CONVERSION = YES;
				CLANG_WARN_COMMA = YES;
				CLANG_WARN_CONSTANT_CONVERSION = YES;
				CLANG_WARN_DEPRECATED_OBJC_IMPLEMENTATIONS = YES;
				CLANG_WARN_DIRECT_OBJC_ISA_USAGE = YES_ERROR;
				CLANG_WARN_DOCUMENTATION_COMMENTS = YES;
				CLANG_WARN_EMPTY_BODY = YES;
				CLANG_WARN_ENUM_CONVERSION = YES;
				CLANG_WARN_INFINITE_RECURSION = YES;
				CLANG_WARN_INT_CONVERSION = YES;
				CLANG_WARN_NON_LITERAL_NULL_CONVERSION = YES;
				CLANG_WARN_OBJC_IMPLICIT_RETAIN_SELF = YES;
				CLANG_WARN_OBJC_LITERAL_CONVERSION = YES;
				CLANG_WARN_OBJC_ROOT_CLASS = YES_ERROR;
				CLANG_WARN_QUOTED_INCLUDE_IN_FRAMEWORK_HEADER = YES;
				CLANG_WARN_RANGE_LOOP_ANALYSIS = YES;
				CLANG_WARN_STRICT_PROTOTYPES = YES;
				CLANG_WARN_SUSPICIOUS_MOVE = YES;
				CLANG_WARN_UNGUARDED_AVAILABILITY = YES_AGGRESSIVE;
				CLANG_WARN_UNREACHABLE_CODE = YES;
				CLANG_WARN__DUPLICATE_METHOD_MATCH = YES;
				COPY_PHASE_STRIP = NO;
				DEBUG_INFORMATION_FORMAT = dwarf;
				ENABLE_STRICT_OBJC_MSGSEND = YES;
				ENABLE_TESTABILITY = YES;
				GCC_C_LANGUAGE_STANDARD = gnu11;
				GCC_DYNAMIC_NO_PIC = NO;
				GCC_NO_COMMON_BLOCKS = YES;
				GCC_OPTIMIZATION_LEVEL = 0;
				GCC_PREPROCESSOR_DEFINITIONS = (
					"DEBUG=1",
					"$(inherited)",
				);
				GCC_WARN_64_TO_32_BIT_CONVERSION = YES;
				GCC_WARN_ABOUT_RETURN_TYPE = YES_ERROR;
				GCC_WARN_UNDECLARED_SELECTOR = YES;
				GCC_WARN_UNINITIALIZED_AUTOS = YES_AGGRESSIVE;
				GCC_WARN_UNUSED_FUNCTION = YES;
				GCC_WARN_UNUSED_VARIABLE = YES;
				IPHONEOS_DEPLOYMENT_TARGET = 16.2;
				MTL_ENABLE_DEBUG_INFO = INCLUDE_SOURCE;
				MTL_FAST_MATH = YES;
				ONLY_ACTIVE_ARCH = YES;
				SDKROOT = iphoneos;
				SWIFT_ACTIVE_COMPILATION_CONDITIONS = DEBUG;
				SWIFT_OPTIMIZATION_LEVEL = "-Onone";
			};
			name = Debug;
		};
		9AD61DB929FA73C300CFF0DD /* Release */ = {
			isa = XCBuildConfiguration;
			buildSettings = {
				ALWAYS_SEARCH_USER_PATHS = NO;
				CLANG_ANALYZER_LOCALIZABILITY_NONLOCALIZED = YES;
				CLANG_ANALYZER_NONNULL = YES;
				CLANG_ANALYZER_NUMBER_OBJECT_CONVERSION = YES_AGGRESSIVE;
				CLANG_CXX_LANGUAGE_STANDARD = "gnu++20";
				CLANG_ENABLE_MODULES = YES;
				CLANG_ENABLE_OBJC_ARC = YES;
				CLANG_ENABLE_OBJC_WEAK = YES;
				CLANG_WARN_BLOCK_CAPTURE_AUTORELEASING = YES;
				CLANG_WARN_BOOL_CONVERSION = YES;
				CLANG_WARN_COMMA = YES;
				CLANG_WARN_CONSTANT_CONVERSION = YES;
				CLANG_WARN_DEPRECATED_OBJC_IMPLEMENTATIONS = YES;
				CLANG_WARN_DIRECT_OBJC_ISA_USAGE = YES_ERROR;
				CLANG_WARN_DOCUMENTATION_COMMENTS = YES;
				CLANG_WARN_EMPTY_BODY = YES;
				CLANG_WARN_ENUM_CONVERSION = YES;
				CLANG_WARN_INFINITE_RECURSION = YES;
				CLANG_WARN_INT_CONVERSION = YES;
				CLANG_WARN_NON_LITERAL_NULL_CONVERSION = YES;
				CLANG_WARN_OBJC_IMPLICIT_RETAIN_SELF = YES;
				CLANG_WARN_OBJC_LITERAL_CONVERSION = YES;
				CLANG_WARN_OBJC_ROOT_CLASS = YES_ERROR;
				CLANG_WARN_QUOTED_INCLUDE_IN_FRAMEWORK_HEADER = YES;
				CLANG_WARN_RANGE_LOOP_ANALYSIS = YES;
				CLANG_WARN_STRICT_PROTOTYPES = YES;
				CLANG_WARN_SUSPICIOUS_MOVE = YES;
				CLANG_WARN_UNGUARDED_AVAILABILITY = YES_AGGRESSIVE;
				CLANG_WARN_UNREACHABLE_CODE = YES;
				CLANG_WARN__DUPLICATE_METHOD_MATCH = YES;
				COPY_PHASE_STRIP = NO;
				DEBUG_INFORMATION_FORMAT = "dwarf-with-dsym";
				ENABLE_NS_ASSERTIONS = NO;
				ENABLE_STRICT_OBJC_MSGSEND = YES;
				GCC_C_LANGUAGE_STANDARD = gnu11;
				GCC_NO_COMMON_BLOCKS = YES;
				GCC_WARN_64_TO_32_BIT_CONVERSION = YES;
				GCC_WARN_ABOUT_RETURN_TYPE = YES_ERROR;
				GCC_WARN_UNDECLARED_SELECTOR = YES;
				GCC_WARN_UNINITIALIZED_AUTOS = YES_AGGRESSIVE;
				GCC_WARN_UNUSED_FUNCTION = YES;
				GCC_WARN_UNUSED_VARIABLE = YES;
				IPHONEOS_DEPLOYMENT_TARGET = 16.2;
				MTL_ENABLE_DEBUG_INFO = NO;
				MTL_FAST_MATH = YES;
				SDKROOT = iphoneos;
				SWIFT_COMPILATION_MODE = wholemodule;
				SWIFT_OPTIMIZATION_LEVEL = "-O";
				VALIDATE_PRODUCT = YES;
			};
			name = Release;
		};
		9AD61DBB29FA73C300CFF0DD /* Debug */ = {
			isa = XCBuildConfiguration;
			baseConfigurationReference = 9533CAC1A1E805372C2A6492 /* Pods-LittlePink.debug.xcconfig */;
			buildSettings = {
				ASSETCATALOG_COMPILER_APPICON_NAME = AppIcon;
				ASSETCATALOG_COMPILER_GLOBAL_ACCENT_COLOR_NAME = AccentColor;
				CODE_SIGN_IDENTITY = "Apple Development";
				CODE_SIGN_STYLE = Automatic;
				CURRENT_PROJECT_VERSION = 1;
				DEVELOPMENT_TEAM = 92NWMNTXWL;
				GENERATE_INFOPLIST_FILE = YES;
				INFOPLIST_FILE = LittlePink/Info.plist;
				INFOPLIST_KEY_CFBundleDisplayName = "小粉书";
				INFOPLIST_KEY_UIApplicationSupportsIndirectInputEvents = YES;
				INFOPLIST_KEY_UILaunchStoryboardName = LaunchScreen.storyboard;
				INFOPLIST_KEY_UIMainStoryboardFile = Main;
				INFOPLIST_KEY_UISupportedInterfaceOrientations = UIInterfaceOrientationPortrait;
				INFOPLIST_KEY_UISupportedInterfaceOrientations_iPad = "UIInterfaceOrientationLandscapeLeft UIInterfaceOrientationLandscapeRight UIInterfaceOrientationPortrait UIInterfaceOrientationPortraitUpsideDown";
				LD_RUNPATH_SEARCH_PATHS = (
					"$(inherited)",
					"@executable_path/Frameworks",
				);
				MARKETING_VERSION = 1.0;
				PRODUCT_BUNDLE_IDENTIFIER = com.aitmed.LittlePink;
				PRODUCT_NAME = "$(TARGET_NAME)";
				PROVISIONING_PROFILE_SPECIFIER = "";
				SUPPORTED_PLATFORMS = "iphoneos iphonesimulator";
				SUPPORTS_MACCATALYST = NO;
				SUPPORTS_MAC_DESIGNED_FOR_IPHONE_IPAD = NO;
				SWIFT_EMIT_LOC_STRINGS = YES;
				SWIFT_VERSION = 5.0;
				TARGETED_DEVICE_FAMILY = 1;
			};
			name = Debug;
		};
		9AD61DBC29FA73C300CFF0DD /* Release */ = {
			isa = XCBuildConfiguration;
			baseConfigurationReference = 9C91AA2C8BBF16590C6772BA /* Pods-LittlePink.release.xcconfig */;
			buildSettings = {
				ASSETCATALOG_COMPILER_APPICON_NAME = AppIcon;
				ASSETCATALOG_COMPILER_GLOBAL_ACCENT_COLOR_NAME = AccentColor;
				CODE_SIGN_IDENTITY = "Apple Development";
				CODE_SIGN_STYLE = Automatic;
				CURRENT_PROJECT_VERSION = 1;
				DEVELOPMENT_TEAM = 92NWMNTXWL;
				GENERATE_INFOPLIST_FILE = YES;
				INFOPLIST_FILE = LittlePink/Info.plist;
				INFOPLIST_KEY_CFBundleDisplayName = "小粉书";
				INFOPLIST_KEY_UIApplicationSupportsIndirectInputEvents = YES;
				INFOPLIST_KEY_UILaunchStoryboardName = LaunchScreen.storyboard;
				INFOPLIST_KEY_UIMainStoryboardFile = Main;
				INFOPLIST_KEY_UISupportedInterfaceOrientations = UIInterfaceOrientationPortrait;
				INFOPLIST_KEY_UISupportedInterfaceOrientations_iPad = "UIInterfaceOrientationLandscapeLeft UIInterfaceOrientationLandscapeRight UIInterfaceOrientationPortrait UIInterfaceOrientationPortraitUpsideDown";
				LD_RUNPATH_SEARCH_PATHS = (
					"$(inherited)",
					"@executable_path/Frameworks",
				);
				MARKETING_VERSION = 1.0;
				PRODUCT_BUNDLE_IDENTIFIER = com.aitmed.LittlePink;
				PRODUCT_NAME = "$(TARGET_NAME)";
				PROVISIONING_PROFILE_SPECIFIER = "";
				SUPPORTED_PLATFORMS = "iphoneos iphonesimulator";
				SUPPORTS_MACCATALYST = NO;
				SUPPORTS_MAC_DESIGNED_FOR_IPHONE_IPAD = NO;
				SWIFT_EMIT_LOC_STRINGS = YES;
				SWIFT_VERSION = 5.0;
				TARGETED_DEVICE_FAMILY = 1;
			};
			name = Release;
		};
/* End XCBuildConfiguration section */

/* Begin XCConfigurationList section */
		9AD61D9E29FA73BF00CFF0DD /* Build configuration list for PBXProject "LittlePink" */ = {
			isa = XCConfigurationList;
			buildConfigurations = (
				9AD61DB829FA73C300CFF0DD /* Debug */,
				9AD61DB929FA73C300CFF0DD /* Release */,
			);
			defaultConfigurationIsVisible = 0;
			defaultConfigurationName = Release;
		};
		9AD61DBA29FA73C300CFF0DD /* Build configuration list for PBXNativeTarget "LittlePink" */ = {
			isa = XCConfigurationList;
			buildConfigurations = (
				9AD61DBB29FA73C300CFF0DD /* Debug */,
				9AD61DBC29FA73C300CFF0DD /* Release */,
			);
			defaultConfigurationIsVisible = 0;
			defaultConfigurationName = Release;
		};
/* End XCConfigurationList section */

/* Begin XCVersionGroup section */
		9AD61DAF29FA73BF00CFF0DD /* LittlePink.xcdatamodeld */ = {
			isa = XCVersionGroup;
			children = (
				9AD61DB029FA73BF00CFF0DD /* LittlePink.xcdatamodel */,
			);
			currentVersion = 9AD61DB029FA73BF00CFF0DD /* LittlePink.xcdatamodel */;
			path = LittlePink.xcdatamodeld;
			sourceTree = "<group>";
			versionGroupType = wrapper.xcdatamodel;
		};
/* End XCVersionGroup section */
	};
	rootObject = 9AD61D9B29FA73BF00CFF0DD /* Project object */;
}
